
Microsoft Visual Studio Solution File, Format Version 12.00
# Visual Studio Version 17
VisualStudioVersion = 17.9.34728.123
MinimumVisualStudioVersion = 10.0.40219.1
Project("{FAE04EC0-301F-11D3-BF4B-00C04F79EFBC}") = "Parcial2", "Parcial2\Parcial2.csproj", "{6918C714-EEF1-44B8-AA47-71D26A44E60A}"
EndProject
Global
	GlobalSection(SolutionConfigurationPlatforms) = preSolution
		Debug|Any CPU = Debug|Any CPU
		Release|Any CPU = Release|Any CPU
	EndGlobalSection
	GlobalSection(ProjectConfigurationPlatforms) = postSolution
		{6918C714-EEF1-44B8-AA47-71D26A44E60A}.Debug|Any CPU.ActiveCfg = Debug|Any CPU
		{6918C714-EEF1-44B8-AA47-71D26A44E60A}.Debug|Any CPU.Build.0 = Debug|Any CPU
		{6918C714-EEF1-44B8-AA47-71D26A44E60A}.Release|Any CPU.ActiveCfg = Release|Any CPU
		{6918C714-EEF1-44B8-AA47-71D26A44E60A}.Release|Any CPU.Build.0 = Release|Any CPU
	EndGlobalSection
	GlobalSection(SolutionProperties) = preSolution
		HideSolutionNode = FALSE
	EndGlobalSection
	GlobalSection(ExtensibilityGlobals) = postSolution
		SolutionGuid = {E9437866-66FE-495E-9434-A4650CDFD363}
	EndGlobalSection
EndGlobal
